// !$*UTF8*$!
{
	archiveVersion = 1;
	classes = {
	};
	objectVersion = 50;
	objects = {

/* Begin PBXBuildFile section */
		CE36404A2715C296003DBAEE /* LocationViewModel.swift in Sources */ = {isa = PBXBuildFile; fileRef = CE3640492715C296003DBAEE /* LocationViewModel.swift */; };
		CE3640572715CB6B003DBAEE /* SilomBol.ttf in Resources */ = {isa = PBXBuildFile; fileRef = CE3640562715CB6B003DBAEE /* SilomBol.ttf */; };
		CECF97342715689600F89D66 /* AppDelegate.swift in Sources */ = {isa = PBXBuildFile; fileRef = CECF97332715689600F89D66 /* AppDelegate.swift */; };
		CECF97362715689600F89D66 /* SceneDelegate.swift in Sources */ = {isa = PBXBuildFile; fileRef = CECF97352715689600F89D66 /* SceneDelegate.swift */; };
		CECF97382715689600F89D66 /* LocationVC.swift in Sources */ = {isa = PBXBuildFile; fileRef = CECF97372715689600F89D66 /* LocationVC.swift */; };
		CECF973A2715689700F89D66 /* Assets.xcassets in Resources */ = {isa = PBXBuildFile; fileRef = CECF97392715689700F89D66 /* Assets.xcassets */; };
		CECF973D2715689700F89D66 /* Preview Assets.xcassets in Resources */ = {isa = PBXBuildFile; fileRef = CECF973C2715689700F89D66 /* Preview Assets.xcassets */; };
		CECF97402715689700F89D66 /* LaunchScreen.storyboard in Resources */ = {isa = PBXBuildFile; fileRef = CECF973E2715689700F89D66 /* LaunchScreen.storyboard */; };
/* End PBXBuildFile section */

/* Begin PBXFileReference section */
		CE3640492715C296003DBAEE /* LocationViewModel.swift */ = {isa = PBXFileReference; lastKnownFileType = sourcecode.swift; path = LocationViewModel.swift; sourceTree = "<group>"; };
		CE3640562715CB6B003DBAEE /* SilomBol.ttf */ = {isa = PBXFileReference; lastKnownFileType = file; name = SilomBol.ttf; path = ../../../../Downloads/SilomBol.ttf; sourceTree = "<group>"; };
		CECF97302715689600F89D66 /* MapProject.app */ = {isa = PBXFileReference; explicitFileType = wrapper.application; includeInIndex = 0; path = MapProject.app; sourceTree = BUILT_PRODUCTS_DIR; };
		CECF97332715689600F89D66 /* AppDelegate.swift */ = {isa = PBXFileReference; lastKnownFileType = sourcecode.swift; path = AppDelegate.swift; sourceTree = "<group>"; };
		CECF97352715689600F89D66 /* SceneDelegate.swift */ = {isa = PBXFileReference; lastKnownFileType = sourcecode.swift; path = SceneDelegate.swift; sourceTree = "<group>"; };
		CECF97372715689600F89D66 /* LocationVC.swift */ = {isa = PBXFileReference; lastKnownFileType = sourcecode.swift; path = LocationVC.swift; sourceTree = "<group>"; };
		CECF97392715689700F89D66 /* Assets.xcassets */ = {isa = PBXFileReference; lastKnownFileType = folder.assetcatalog; path = Assets.xcassets; sourceTree = "<group>"; };
		CECF973C2715689700F89D66 /* Preview Assets.xcassets */ = {isa = PBXFileReference; lastKnownFileType = folder.assetcatalog; path = "Preview Assets.xcassets"; sourceTree = "<group>"; };
		CECF973F2715689700F89D66 /* Base */ = {isa = PBXFileReference; lastKnownFileType = file.storyboard; name = Base; path = Base.lproj/LaunchScreen.storyboard; sourceTree = "<group>"; };
		CECF97412715689700F89D66 /* Info.plist */ = {isa = PBXFileReference; lastKnownFileType = text.plist.xml; path = Info.plist; sourceTree = "<group>"; };
/* End PBXFileReference section */

/* Begin PBXFrameworksBuildPhase section */
		CECF972D2715689600F89D66 /* Frameworks */ = {
			isa = PBXFrameworksBuildPhase;
			buildActionMask = 2147483647;
			files = (
			);
			runOnlyForDeploymentPostprocessing = 0;
		};
/* End PBXFrameworksBuildPhase section */

/* Begin PBXGroup section */
		CE3640472715C281003DBAEE /* View */ = {
			isa = PBXGroup;
			children = (
				CECF97372715689600F89D66 /* LocationVC.swift */,
			);
			path = View;
			sourceTree = "<group>";
		};
		CE3640482715C28B003DBAEE /* ViewModel */ = {
			isa = PBXGroup;
			children = (
				CE3640492715C296003DBAEE /* LocationViewModel.swift */,
			);
			path = ViewModel;
			sourceTree = "<group>";
		};
		CE36404D2715CA58003DBAEE /* Font */ = {
			isa = PBXGroup;
			children = (
				CE3640562715CB6B003DBAEE /* SilomBol.ttf */,
			);
			path = Font;
			sourceTree = "<group>";
		};
		CECF97272715689600F89D66 = {
			isa = PBXGroup;
			children = (
				CECF97322715689600F89D66 /* MapProject */,
				CECF97312715689600F89D66 /* Products */,
			);
			sourceTree = "<group>";
		};
		CECF97312715689600F89D66 /* Products */ = {
			isa = PBXGroup;
			children = (
				CECF97302715689600F89D66 /* MapProject.app */,
			);
			name = Products;
			sourceTree = "<group>";
		};
		CECF97322715689600F89D66 /* MapProject */ = {
			isa = PBXGroup;
			children = (
				CE36404D2715CA58003DBAEE /* Font */,
				CE3640482715C28B003DBAEE /* ViewModel */,
				CE3640472715C281003DBAEE /* View */,
				CECF97332715689600F89D66 /* AppDelegate.swift */,
				CECF97352715689600F89D66 /* SceneDelegate.swift */,
				CECF97392715689700F89D66 /* Assets.xcassets */,
				CECF973E2715689700F89D66 /* LaunchScreen.storyboard */,
				CECF97412715689700F89D66 /* Info.plist */,
				CECF973B2715689700F89D66 /* Preview Content */,
			);
			path = MapProject;
			sourceTree = "<group>";
		};
		CECF973B2715689700F89D66 /* Preview Content */ = {
			isa = PBXGroup;
			children = (
				CECF973C2715689700F89D66 /* Preview Assets.xcassets */,
			);
			path = "Preview Content";
			sourceTree = "<group>";
		};
/* End PBXGroup section */

/* Begin PBXNativeTarget section */
		CECF972F2715689600F89D66 /* MapProject */ = {
			isa = PBXNativeTarget;
			buildConfigurationList = CECF97442715689700F89D66 /* Build configuration list for PBXNativeTarget "MapProject" */;
			buildPhases = (
				CECF972C2715689600F89D66 /* Sources */,
				CECF972D2715689600F89D66 /* Frameworks */,
				CECF972E2715689600F89D66 /* Resources */,
			);
			buildRules = (
			);
			dependencies = (
			);
			name = MapProject;
			productName = MapProject;
			productReference = CECF97302715689600F89D66 /* MapProject.app */;
			productType = "com.apple.product-type.application";
		};
/* End PBXNativeTarget section */

/* Begin PBXProject section */
		CECF97282715689600F89D66 /* Project object */ = {
			isa = PBXProject;
			attributes = {
				LastSwiftUpdateCheck = 1240;
				LastUpgradeCheck = 1240;
				TargetAttributes = {
					CECF972F2715689600F89D66 = {
						CreatedOnToolsVersion = 12.4;
					};
				};
			};
			buildConfigurationList = CECF972B2715689600F89D66 /* Build configuration list for PBXProject "MapProject" */;
			compatibilityVersion = "Xcode 9.3";
			developmentRegion = en;
			hasScannedForEncodings = 0;
			knownRegions = (
				en,
				Base,
			);
			mainGroup = CECF97272715689600F89D66;
			productRefGroup = CECF97312715689600F89D66 /* Products */;
			projectDirPath = "";
			projectRoot = "";
			targets = (
				CECF972F2715689600F89D66 /* MapProject */,
			);
		};
/* End PBXProject section */

/* Begin PBXResourcesBuildPhase section */
		CECF972E2715689600F89D66 /* Resources */ = {
			isa = PBXResourcesBuildPhase;
			buildActionMask = 2147483647;
			files = (
				CE3640572715CB6B003DBAEE /* SilomBol.ttf in Resources */,
				CECF97402715689700F89D66 /* LaunchScreen.storyboard in Resources */,
				CECF973D2715689700F89D66 /* Preview Assets.xcassets in Resources */,
				CECF973A2715689700F89D66 /* Assets.xcassets in Resources */,
			);
			runOnlyForDeploymentPostprocessing = 0;
		};
/* End PBXResourcesBuildPhase section */

/* Begin PBXSourcesBuildPhase section */
		CECF972C2715689600F89D66 /* Sources */ = {
			isa = PBXSourcesBuildPhase;
			buildActionMask = 2147483647;
			files = (
				CECF97342715689600F89D66 /* AppDelegate.swift in Sources */,
				CECF97362715689600F89D66 /* SceneDelegate.swift in Sources */,
				CECF97382715689600F89D66 /* LocationVC.swift in Sources */,
				CE36404A2715C296003DBAEE /* LocationViewModel.swift in Sources */,
			);
			runOnlyForDeploymentPostprocessing = 0;
		};
/* End PBXSourcesBuildPhase section */

/* Begin PBXVariantGroup section */
		CECF973E2715689700F89D66 /* LaunchScreen.storyboard */ = {
			isa = PBXVariantGroup;
			children = (
				CECF973F2715689700F89D66 /* Base */,
			);
			name = LaunchScreen.storyboard;
			sourceTree = "<group>";
		};
/* End PBXVariantGroup section */

/* Begin XCBuildConfiguration section */
		CECF97422715689700F89D66 /* Debug */ = {
			isa = XCBuildConfiguration;
			buildSettings = {
				ALWAYS_SEARCH_USER_PATHS = NO;
				CLANG_ANALYZER_NONNULL = YES;
				CLANG_ANALYZER_NUMBER_OBJECT_CONVERSION = YES_AGGRESSIVE;
				CLANG_CXX_LANGUAGE_STANDARD = "gnu++14";
				CLANG_CXX_LIBRARY = "libc++";
				CLANG_ENABLE_MODULES = YES;
				CLANG_ENABLE_OBJC_ARC = YES;
				CLANG_ENABLE_OBJC_WEAK = YES;
				CLANG_WARN_BLOCK_CAPTURE_AUTORELEASING = YES;
				CLANG_WARN_BOOL_CONVERSION = YES;
				CLANG_WARN_COMMA = YES;
				CLANG_WARN_CONSTANT_CONVERSION = YES;
				CLANG_WARN_DEPRECATED_OBJC_IMPLEMENTATIONS = YES;
				CLANG_WARN_DIRECT_OBJC_ISA_USAGE = YES_ERROR;
				CLANG_WARN_DOCUMENTATION_COMMENTS = YES;
				CLANG_WARN_EMPTY_BODY = YES;
				CLANG_WARN_ENUM_CONVERSION = YES;
				CLANG_WARN_INFINITE_RECURSION = YES;
				CLANG_WARN_INT_CONVERSION = YES;
				CLANG_WARN_NON_LITERAL_NULL_CONVERSION = YES;
				CLANG_WARN_OBJC_IMPLICIT_RETAIN_SELF = YES;
				CLANG_WARN_OBJC_LITERAL_CONVERSION = YES;
				CLANG_WARN_OBJC_ROOT_CLASS = YES_ERROR;
				CLANG_WARN_QUOTED_INCLUDE_IN_FRAMEWORK_HEADER = YES;
				CLANG_WARN_RANGE_LOOP_ANALYSIS = YES;
				CLANG_WARN_STRICT_PROTOTYPES = YES;
				CLANG_WARN_SUSPICIOUS_MOVE = YES;
				CLANG_WARN_UNGUARDED_AVAILABILITY = YES_AGGRESSIVE;
				CLANG_WARN_UNREACHABLE_CODE = YES;
				CLANG_WARN__DUPLICATE_METHOD_MATCH = YES;
				COPY_PHASE_STRIP = NO;
				DEBUG_INFORMATION_FORMAT = dwarf;
				ENABLE_STRICT_OBJC_MSGSEND = YES;
				ENABLE_TESTABILITY = YES;
				GCC_C_LANGUAGE_STANDARD = gnu11;
				GCC_DYNAMIC_NO_PIC = NO;
				GCC_NO_COMMON_BLOCKS = YES;
				GCC_OPTIMIZATION_LEVEL = 0;
				GCC_PREPROCESSOR_DEFINITIONS = (
					"DEBUG=1",
					"$(inherited)",
				);
				GCC_WARN_64_TO_32_BIT_CONVERSION = YES;
				GCC_WARN_ABOUT_RETURN_TYPE = YES_ERROR;
				GCC_WARN_UNDECLARED_SELECTOR = YES;
				GCC_WARN_UNINITIALIZED_AUTOS = YES_AGGRESSIVE;
				GCC_WARN_UNUSED_FUNCTION = YES;
				GCC_WARN_UNUSED_VARIABLE = YES;
				IPHONEOS_DEPLOYMENT_TARGET = 14.4;
				MTL_ENABLE_DEBUG_INFO = INCLUDE_SOURCE;
				MTL_FAST_MATH = YES;
				ONLY_ACTIVE_ARCH = YES;
				SDKROOT = iphoneos;
				SWIFT_ACTIVE_COMPILATION_CONDITIONS = DEBUG;
				SWIFT_OPTIMIZATION_LEVEL = "-Onone";
			};
			name = Debug;
		};
		CECF97432715689700F89D66 /* Release */ = {
			isa = XCBuildConfiguration;
			buildSettings = {
				ALWAYS_SEARCH_USER_PATHS = NO;
				CLANG_ANALYZER_NONNULL = YES;
				CLANG_ANALYZER_NUMBER_OBJECT_CONVERSION = YES_AGGRESSIVE;
				CLANG_CXX_LANGUAGE_STANDARD = "gnu++14";
				CLANG_CXX_LIBRARY = "libc++";
				CLANG_ENABLE_MODULES = YES;
				CLANG_ENABLE_OBJC_ARC = YES;
				CLANG_ENABLE_OBJC_WEAK = YES;
				CLANG_WARN_BLOCK_CAPTURE_AUTORELEASING = YES;
				CLANG_WARN_BOOL_CONVERSION = YES;
				CLANG_WARN_COMMA = YES;
				CLANG_WARN_CONSTANT_CONVERSION = YES;
				CLANG_WARN_DEPRECATED_OBJC_IMPLEMENTATIONS = YES;
				CLANG_WARN_DIRECT_OBJC_ISA_USAGE = YES_ERROR;
				CLANG_WARN_DOCUMENTATION_COMMENTS = YES;
				CLANG_WARN_EMPTY_BODY = YES;
				CLANG_WARN_ENUM_CONVERSION = YES;
				CLANG_WARN_INFINITE_RECURSION = YES;
				CLANG_WARN_INT_CONVERSION = YES;
				CLANG_WARN_NON_LITERAL_NULL_CONVERSION = YES;
				CLANG_WARN_OBJC_IMPLICIT_RETAIN_SELF = YES;
				CLANG_WARN_OBJC_LITERAL_CONVERSION = YES;
				CLANG_WARN_OBJC_ROOT_CLASS = YES_ERROR;
				CLANG_WARN_QUOTED_INCLUDE_IN_FRAMEWORK_HEADER = YES;
				CLANG_WARN_RANGE_LOOP_ANALYSIS = YES;
				CLANG_WARN_STRICT_PROTOTYPES = YES;
				CLANG_WARN_SUSPICIOUS_MOVE = YES;
				CLANG_WARN_UNGUARDED_AVAILABILITY = YES_AGGRESSIVE;
				CLANG_WARN_UNREACHABLE_CODE = YES;
				CLANG_WARN__DUPLICATE_METHOD_MATCH = YES;
				COPY_PHASE_STRIP = NO;
				DEBUG_INFORMATION_FORMAT = "dwarf-with-dsym";
				ENABLE_NS_ASSERTIONS = NO;
				ENABLE_STRICT_OBJC_MSGSEND = YES;
				GCC_C_LANGUAGE_STANDARD = gnu11;
				GCC_NO_COMMON_BLOCKS = YES;
				GCC_WARN_64_TO_32_BIT_CONVERSION = YES;
				GCC_WARN_ABOUT_RETURN_TYPE = YES_ERROR;
				GCC_WARN_UNDECLARED_SELECTOR = YES;
				GCC_WARN_UNINITIALIZED_AUTOS = YES_AGGRESSIVE;
				GCC_WARN_UNUSED_FUNCTION = YES;
				GCC_WARN_UNUSED_VARIABLE = YES;
				IPHONEOS_DEPLOYMENT_TARGET = 14.4;
				MTL_ENABLE_DEBUG_INFO = NO;
				MTL_FAST_MATH = YES;
				SDKROOT = iphoneos;
				SWIFT_COMPILATION_MODE = wholemodule;
				SWIFT_OPTIMIZATION_LEVEL = "-O";
				VALIDATE_PRODUCT = YES;
			};
			name = Release;
		};
		CECF97452715689700F89D66 /* Debug */ = {
			isa = XCBuildConfiguration;
			buildSettings = {
				ASSETCATALOG_COMPILER_APPICON_NAME = AppIcon;
				ASSETCATALOG_COMPILER_GLOBAL_ACCENT_COLOR_NAME = AccentColor;
				CODE_SIGN_STYLE = Automatic;
				DEVELOPMENT_ASSET_PATHS = "\"MapProject/Preview Content\"";
				ENABLE_PREVIEWS = YES;
				INFOPLIST_FILE = MapProject/Info.plist;
				LD_RUNPATH_SEARCH_PATHS = (
					"$(inherited)",
					"@executable_path/Frameworks",
				);
				PRODUCT_BUNDLE_IDENTIFIER = Samoilova.MapProject;
				PRODUCT_NAME = "$(TARGET_NAME)";
				SWIFT_VERSION = 5.0;
				TARGETED_DEVICE_FAMILY = "1,2";
			};
			name = Debug;
		};
		CECF97462715689700F89D66 /* Release */ = {
			isa = XCBuildConfiguration;
			buildSettings = {
				ASSETCATALOG_COMPILER_APPICON_NAME = AppIcon;
				ASSETCATALOG_COMPILER_GLOBAL_ACCENT_COLOR_NAME = AccentColor;
				CODE_SIGN_STYLE = Automatic;
				DEVELOPMENT_ASSET_PATHS = "\"MapProject/Preview Content\"";
				ENABLE_PREVIEWS = YES;
				INFOPLIST_FILE = MapProject/Info.plist;
				LD_RUNPATH_SEARCH_PATHS = (
					"$(inherited)",
					"@executable_path/Frameworks",
				);
				PRODUCT_BUNDLE_IDENTIFIER = Samoilova.MapProject;
				PRODUCT_NAME = "$(TARGET_NAME)";
				SWIFT_VERSION = 5.0;
				TARGETED_DEVICE_FAMILY = "1,2";
			};
			name = Release;
		};
/* End XCBuildConfiguration section */

/* Begin XCConfigurationList section */
		CECF972B2715689600F89D66 /* Build configuration list for PBXProject "MapProject" */ = {
			isa = XCConfigurationList;
			buildConfigurations = (
				CECF97422715689700F89D66 /* Debug */,
				CECF97432715689700F89D66 /* Release */,
			);
			defaultConfigurationIsVisible = 0;
			defaultConfigurationName = Release;
		};
		CECF97442715689700F89D66 /* Build configuration list for PBXNativeTarget "MapProject" */ = {
			isa = XCConfigurationList;
			buildConfigurations = (
				CECF97452715689700F89D66 /* Debug */,
				CECF97462715689700F89D66 /* Release */,
			);
			defaultConfigurationIsVisible = 0;
			defaultConfigurationName = Release;
		};
/* End XCConfigurationList section */
	};
	rootObject = CECF97282715689600F89D66 /* Project object */;
}
